
Microsoft Visual Studio Solution File, Format Version 12.00
# Visual Studio 14
VisualStudioVersion = 14.0.23107.0
MinimumVisualStudioVersion = 10.0.40219.1
Project("{FAE04EC0-301F-11D3-BF4B-00C04F79EFBC}") = "DasShop", "DasShop\DasShop.csproj", "{DA949732-9398-4960-9A8A-49EAEDC64C89}"
EndProject
Project("{FAE04EC0-301F-11D3-BF4B-00C04F79EFBC}") = "DasDAL", "DasDAL\DasDAL.csproj", "{5E7247F1-C993-48A5-9E0E-AF8E97A6DC15}"
EndProject
Project("{FAE04EC0-301F-11D3-BF4B-00C04F79EFBC}") = "DasADMIN", "DasADMIN\DasADMIN.csproj", "{A2C12BBF-8488-48E8-A261-3471E4606834}"
EndProject
Global
	GlobalSection(SolutionConfigurationPlatforms) = preSolution
		Debug|Any CPU = Debug|Any CPU
		Release|Any CPU = Release|Any CPU
	EndGlobalSection
	GlobalSection(ProjectConfigurationPlatforms) = postSolution
		{DA949732-9398-4960-9A8A-49EAEDC64C89}.Debug|Any CPU.ActiveCfg = Debug|Any CPU
		{DA949732-9398-4960-9A8A-49EAEDC64C89}.Debug|Any CPU.Build.0 = Debug|Any CPU
		{DA949732-9398-4960-9A8A-49EAEDC64C89}.Release|Any CPU.ActiveCfg = Release|Any CPU
		{DA949732-9398-4960-9A8A-49EAEDC64C89}.Release|Any CPU.Build.0 = Release|Any CPU
		{5E7247F1-C993-48A5-9E0E-AF8E97A6DC15}.Debug|Any CPU.ActiveCfg = Debug|Any CPU
		{5E7247F1-C993-48A5-9E0E-AF8E97A6DC15}.Debug|Any CPU.Build.0 = Debug|Any CPU
		{5E7247F1-C993-48A5-9E0E-AF8E97A6DC15}.Release|Any CPU.ActiveCfg = Release|Any CPU
		{5E7247F1-C993-48A5-9E0E-AF8E97A6DC15}.Release|Any CPU.Build.0 = Release|Any CPU
		{A2C12BBF-8488-48E8-A261-3471E4606834}.Debug|Any CPU.ActiveCfg = Debug|Any CPU
		{A2C12BBF-8488-48E8-A261-3471E4606834}.Debug|Any CPU.Build.0 = Debug|Any CPU
		{A2C12BBF-8488-48E8-A261-3471E4606834}.Release|Any CPU.ActiveCfg = Release|Any CPU
		{A2C12BBF-8488-48E8-A261-3471E4606834}.Release|Any CPU.Build.0 = Release|Any CPU
	EndGlobalSection
	GlobalSection(SolutionProperties) = preSolution
		HideSolutionNode = FALSE
	EndGlobalSection
EndGlobal
